
Microsoft Visual Studio Solution File, Format Version 12.00
# Visual Studio Version 17
VisualStudioVersion = 17.6.33801.468
MinimumVisualStudioVersion = 10.0.40219.1
Project("{FAE04EC0-301F-11D3-BF4B-00C04F79EFBC}") = "TimeSpan", "TimeSpan\TimeSpan.csproj", "{F25DE5B3-3236-40B9-97C6-EE0A90AA5653}"
EndProject
Global
	GlobalSection(SolutionConfigurationPlatforms) = preSolution
		Debug|Any CPU = Debug|Any CPU
		Release|Any CPU = Release|Any CPU
	EndGlobalSection
	GlobalSection(ProjectConfigurationPlatforms) = postSolution
		{F25DE5B3-3236-40B9-97C6-EE0A90AA5653}.Debug|Any CPU.ActiveCfg = Debug|Any CPU
		{F25DE5B3-3236-40B9-97C6-EE0A90AA5653}.Debug|Any CPU.Build.0 = Debug|Any CPU
		{F25DE5B3-3236-40B9-97C6-EE0A90AA5653}.Release|Any CPU.ActiveCfg = Release|Any CPU
		{F25DE5B3-3236-40B9-97C6-EE0A90AA5653}.Release|Any CPU.Build.0 = Release|Any CPU
	EndGlobalSection
	GlobalSection(SolutionProperties) = preSolution
		HideSolutionNode = FALSE
	EndGlobalSection
	GlobalSection(ExtensibilityGlobals) = postSolution
		SolutionGuid = {BF0834C7-300A-4B93-8CD9-ED98A976A0B4}
	EndGlobalSection
EndGlobal
