
Microsoft Visual Studio Solution File, Format Version 12.00
# Visual Studio Version 17
VisualStudioVersion = 17.6.33801.468
MinimumVisualStudioVersion = 10.0.40219.1
Project("{FAE04EC0-301F-11D3-BF4B-00C04F79EFBC}") = "Files2", "Files2\Files2.csproj", "{5A4A2C3E-38BE-45E5-9C40-44046821C35D}"
EndProject
Global
	GlobalSection(SolutionConfigurationPlatforms) = preSolution
		Debug|Any CPU = Debug|Any CPU
		Release|Any CPU = Release|Any CPU
	EndGlobalSection
	GlobalSection(ProjectConfigurationPlatforms) = postSolution
		{5A4A2C3E-38BE-45E5-9C40-44046821C35D}.Debug|Any CPU.ActiveCfg = Debug|Any CPU
		{5A4A2C3E-38BE-45E5-9C40-44046821C35D}.Debug|Any CPU.Build.0 = Debug|Any CPU
		{5A4A2C3E-38BE-45E5-9C40-44046821C35D}.Release|Any CPU.ActiveCfg = Release|Any CPU
		{5A4A2C3E-38BE-45E5-9C40-44046821C35D}.Release|Any CPU.Build.0 = Release|Any CPU
	EndGlobalSection
	GlobalSection(SolutionProperties) = preSolution
		HideSolutionNode = FALSE
	EndGlobalSection
	GlobalSection(ExtensibilityGlobals) = postSolution
		SolutionGuid = {17D48F95-9E99-4A11-83FA-9646DD3BFE97}
	EndGlobalSection
EndGlobal
