
Microsoft Visual Studio Solution File, Format Version 12.00
# Visual Studio Version 17
VisualStudioVersion = 17.6.33801.468
MinimumVisualStudioVersion = 10.0.40219.1
Project("{FAE04EC0-301F-11D3-BF4B-00C04F79EFBC}") = "ConsoleApp1", "ConsoleApp1\ConsoleApp1.csproj", "{331BBE70-5506-4D33-890C-051F80A88441}"
EndProject
Global
	GlobalSection(SolutionConfigurationPlatforms) = preSolution
		Debug|Any CPU = Debug|Any CPU
		Release|Any CPU = Release|Any CPU
	EndGlobalSection
	GlobalSection(ProjectConfigurationPlatforms) = postSolution
		{331BBE70-5506-4D33-890C-051F80A88441}.Debug|Any CPU.ActiveCfg = Debug|Any CPU
		{331BBE70-5506-4D33-890C-051F80A88441}.Debug|Any CPU.Build.0 = Debug|Any CPU
		{331BBE70-5506-4D33-890C-051F80A88441}.Release|Any CPU.ActiveCfg = Release|Any CPU
		{331BBE70-5506-4D33-890C-051F80A88441}.Release|Any CPU.Build.0 = Release|Any CPU
	EndGlobalSection
	GlobalSection(SolutionProperties) = preSolution
		HideSolutionNode = FALSE
	EndGlobalSection
	GlobalSection(ExtensibilityGlobals) = postSolution
		SolutionGuid = {65AE3AE2-C9A5-48F8-BAAE-6D1A057BCD14}
	EndGlobalSection
EndGlobal
