
Microsoft Visual Studio Solution File, Format Version 12.00
# Visual Studio Version 17
VisualStudioVersion = 17.6.33801.468
MinimumVisualStudioVersion = 10.0.40219.1
Project("{FAE04EC0-301F-11D3-BF4B-00C04F79EFBC}") = "PostsWithsComposition", "PostsWithsComposition\PostsWithsComposition.csproj", "{70BA898B-1D8F-41FD-91BC-19874DAE5F5C}"
EndProject
Global
	GlobalSection(SolutionConfigurationPlatforms) = preSolution
		Debug|Any CPU = Debug|Any CPU
		Release|Any CPU = Release|Any CPU
	EndGlobalSection
	GlobalSection(ProjectConfigurationPlatforms) = postSolution
		{70BA898B-1D8F-41FD-91BC-19874DAE5F5C}.Debug|Any CPU.ActiveCfg = Debug|Any CPU
		{70BA898B-1D8F-41FD-91BC-19874DAE5F5C}.Debug|Any CPU.Build.0 = Debug|Any CPU
		{70BA898B-1D8F-41FD-91BC-19874DAE5F5C}.Release|Any CPU.ActiveCfg = Release|Any CPU
		{70BA898B-1D8F-41FD-91BC-19874DAE5F5C}.Release|Any CPU.Build.0 = Release|Any CPU
	EndGlobalSection
	GlobalSection(SolutionProperties) = preSolution
		HideSolutionNode = FALSE
	EndGlobalSection
	GlobalSection(ExtensibilityGlobals) = postSolution
		SolutionGuid = {C585343C-C7B0-4CCF-BECC-8ABEE9E2E699}
	EndGlobalSection
EndGlobal
