
Microsoft Visual Studio Solution File, Format Version 12.00
# Visual Studio Version 17
VisualStudioVersion = 17.6.33801.468
MinimumVisualStudioVersion = 10.0.40219.1
Project("{FAE04EC0-301F-11D3-BF4B-00C04F79EFBC}") = "TaxesCalculator", "TaxesCalculator\TaxesCalculator.csproj", "{668BB708-4153-4B2E-B4FA-E42CF120B2C5}"
EndProject
Global
	GlobalSection(SolutionConfigurationPlatforms) = preSolution
		Debug|Any CPU = Debug|Any CPU
		Release|Any CPU = Release|Any CPU
	EndGlobalSection
	GlobalSection(ProjectConfigurationPlatforms) = postSolution
		{668BB708-4153-4B2E-B4FA-E42CF120B2C5}.Debug|Any CPU.ActiveCfg = Debug|Any CPU
		{668BB708-4153-4B2E-B4FA-E42CF120B2C5}.Debug|Any CPU.Build.0 = Debug|Any CPU
		{668BB708-4153-4B2E-B4FA-E42CF120B2C5}.Release|Any CPU.ActiveCfg = Release|Any CPU
		{668BB708-4153-4B2E-B4FA-E42CF120B2C5}.Release|Any CPU.Build.0 = Release|Any CPU
	EndGlobalSection
	GlobalSection(SolutionProperties) = preSolution
		HideSolutionNode = FALSE
	EndGlobalSection
	GlobalSection(ExtensibilityGlobals) = postSolution
		SolutionGuid = {42978BA5-F256-4E60-86AE-0F96C9EAB57F}
	EndGlobalSection
EndGlobal
