
Microsoft Visual Studio Solution File, Format Version 12.00
# Visual Studio Version 17
VisualStudioVersion = 17.6.33801.468
MinimumVisualStudioVersion = 10.0.40219.1
Project("{FAE04EC0-301F-11D3-BF4B-00C04F79EFBC}") = "EstruturaWhile", "EstruturaWhile\EstruturaWhile.csproj", "{77641846-20F2-4BDC-8688-64D9D20862DB}"
EndProject
Global
	GlobalSection(SolutionConfigurationPlatforms) = preSolution
		Debug|Any CPU = Debug|Any CPU
		Release|Any CPU = Release|Any CPU
	EndGlobalSection
	GlobalSection(ProjectConfigurationPlatforms) = postSolution
		{77641846-20F2-4BDC-8688-64D9D20862DB}.Debug|Any CPU.ActiveCfg = Debug|Any CPU
		{77641846-20F2-4BDC-8688-64D9D20862DB}.Debug|Any CPU.Build.0 = Debug|Any CPU
		{77641846-20F2-4BDC-8688-64D9D20862DB}.Release|Any CPU.ActiveCfg = Release|Any CPU
		{77641846-20F2-4BDC-8688-64D9D20862DB}.Release|Any CPU.Build.0 = Release|Any CPU
	EndGlobalSection
	GlobalSection(SolutionProperties) = preSolution
		HideSolutionNode = FALSE
	EndGlobalSection
	GlobalSection(ExtensibilityGlobals) = postSolution
		SolutionGuid = {21167D79-80C3-4F51-BAFD-CED26D3FFC9D}
	EndGlobalSection
EndGlobal
