
Microsoft Visual Studio Solution File, Format Version 12.00
# Visual Studio Version 17
VisualStudioVersion = 17.6.33801.468
MinimumVisualStudioVersion = 10.0.40219.1
Project("{FAE04EC0-301F-11D3-BF4B-00C04F79EFBC}") = "Listas1", "Listas1\Listas1.csproj", "{119E1E9C-6C14-4494-A2E3-7C1934AB79AD}"
EndProject
Global
	GlobalSection(SolutionConfigurationPlatforms) = preSolution
		Debug|Any CPU = Debug|Any CPU
		Release|Any CPU = Release|Any CPU
	EndGlobalSection
	GlobalSection(ProjectConfigurationPlatforms) = postSolution
		{119E1E9C-6C14-4494-A2E3-7C1934AB79AD}.Debug|Any CPU.ActiveCfg = Debug|Any CPU
		{119E1E9C-6C14-4494-A2E3-7C1934AB79AD}.Debug|Any CPU.Build.0 = Debug|Any CPU
		{119E1E9C-6C14-4494-A2E3-7C1934AB79AD}.Release|Any CPU.ActiveCfg = Release|Any CPU
		{119E1E9C-6C14-4494-A2E3-7C1934AB79AD}.Release|Any CPU.Build.0 = Release|Any CPU
	EndGlobalSection
	GlobalSection(SolutionProperties) = preSolution
		HideSolutionNode = FALSE
	EndGlobalSection
	GlobalSection(ExtensibilityGlobals) = postSolution
		SolutionGuid = {6A7649AE-500F-4715-B1E7-44C7D78E295B}
	EndGlobalSection
EndGlobal
