
Microsoft Visual Studio Solution File, Format Version 12.00
# Visual Studio Version 17
VisualStudioVersion = 17.6.33801.468
MinimumVisualStudioVersion = 10.0.40219.1
Project("{FAE04EC0-301F-11D3-BF4B-00C04F79EFBC}") = "Fixacao02", "Fixacao02\Fixacao02.csproj", "{4A33357B-6B1A-40EC-9836-B52D1AB5790E}"
EndProject
Global
	GlobalSection(SolutionConfigurationPlatforms) = preSolution
		Debug|Any CPU = Debug|Any CPU
		Release|Any CPU = Release|Any CPU
	EndGlobalSection
	GlobalSection(ProjectConfigurationPlatforms) = postSolution
		{4A33357B-6B1A-40EC-9836-B52D1AB5790E}.Debug|Any CPU.ActiveCfg = Debug|Any CPU
		{4A33357B-6B1A-40EC-9836-B52D1AB5790E}.Debug|Any CPU.Build.0 = Debug|Any CPU
		{4A33357B-6B1A-40EC-9836-B52D1AB5790E}.Release|Any CPU.ActiveCfg = Release|Any CPU
		{4A33357B-6B1A-40EC-9836-B52D1AB5790E}.Release|Any CPU.Build.0 = Release|Any CPU
	EndGlobalSection
	GlobalSection(SolutionProperties) = preSolution
		HideSolutionNode = FALSE
	EndGlobalSection
	GlobalSection(ExtensibilityGlobals) = postSolution
		SolutionGuid = {710E18A6-D00A-44ED-A0AC-5851BBA538C2}
	EndGlobalSection
EndGlobal
