
Microsoft Visual Studio Solution File, Format Version 12.00
# Visual Studio Version 17
VisualStudioVersion = 17.6.33801.468
MinimumVisualStudioVersion = 10.0.40219.1
Project("{FAE04EC0-301F-11D3-BF4B-00C04F79EFBC}") = "Linq", "Linq\Linq.csproj", "{45E049F1-2C30-48DE-AE72-443A13EB03B0}"
EndProject
Global
	GlobalSection(SolutionConfigurationPlatforms) = preSolution
		Debug|Any CPU = Debug|Any CPU
		Release|Any CPU = Release|Any CPU
	EndGlobalSection
	GlobalSection(ProjectConfigurationPlatforms) = postSolution
		{45E049F1-2C30-48DE-AE72-443A13EB03B0}.Debug|Any CPU.ActiveCfg = Debug|Any CPU
		{45E049F1-2C30-48DE-AE72-443A13EB03B0}.Debug|Any CPU.Build.0 = Debug|Any CPU
		{45E049F1-2C30-48DE-AE72-443A13EB03B0}.Release|Any CPU.ActiveCfg = Release|Any CPU
		{45E049F1-2C30-48DE-AE72-443A13EB03B0}.Release|Any CPU.Build.0 = Release|Any CPU
	EndGlobalSection
	GlobalSection(SolutionProperties) = preSolution
		HideSolutionNode = FALSE
	EndGlobalSection
	GlobalSection(ExtensibilityGlobals) = postSolution
		SolutionGuid = {CC3FEEDB-37F5-44DB-BDFC-D14777DD0EDE}
	EndGlobalSection
EndGlobal
