
Microsoft Visual Studio Solution File, Format Version 12.00
# Visual Studio Version 17
VisualStudioVersion = 17.6.33801.468
MinimumVisualStudioVersion = 10.0.40219.1
Project("{FAE04EC0-301F-11D3-BF4B-00C04F79EFBC}") = "Questao05", "Questao05\Questao05.csproj", "{6B3A0CF2-BFDC-446D-AD74-8F6A45271627}"
EndProject
Global
	GlobalSection(SolutionConfigurationPlatforms) = preSolution
		Debug|Any CPU = Debug|Any CPU
		Release|Any CPU = Release|Any CPU
	EndGlobalSection
	GlobalSection(ProjectConfigurationPlatforms) = postSolution
		{6B3A0CF2-BFDC-446D-AD74-8F6A45271627}.Debug|Any CPU.ActiveCfg = Debug|Any CPU
		{6B3A0CF2-BFDC-446D-AD74-8F6A45271627}.Debug|Any CPU.Build.0 = Debug|Any CPU
		{6B3A0CF2-BFDC-446D-AD74-8F6A45271627}.Release|Any CPU.ActiveCfg = Release|Any CPU
		{6B3A0CF2-BFDC-446D-AD74-8F6A45271627}.Release|Any CPU.Build.0 = Release|Any CPU
	EndGlobalSection
	GlobalSection(SolutionProperties) = preSolution
		HideSolutionNode = FALSE
	EndGlobalSection
	GlobalSection(ExtensibilityGlobals) = postSolution
		SolutionGuid = {C636A36C-A010-48BF-A08E-88D57A91630B}
	EndGlobalSection
EndGlobal
