
Microsoft Visual Studio Solution File, Format Version 12.00
# Visual Studio Version 17
VisualStudioVersion = 17.6.33801.468
MinimumVisualStudioVersion = 10.0.40219.1
Project("{FAE04EC0-301F-11D3-BF4B-00C04F79EFBC}") = "DateTimeProps", "DateTimeProps\DateTimeProps.csproj", "{7A7C5215-C9F9-45EC-98C1-3AB3BCDB4B51}"
EndProject
Global
	GlobalSection(SolutionConfigurationPlatforms) = preSolution
		Debug|Any CPU = Debug|Any CPU
		Release|Any CPU = Release|Any CPU
	EndGlobalSection
	GlobalSection(ProjectConfigurationPlatforms) = postSolution
		{7A7C5215-C9F9-45EC-98C1-3AB3BCDB4B51}.Debug|Any CPU.ActiveCfg = Debug|Any CPU
		{7A7C5215-C9F9-45EC-98C1-3AB3BCDB4B51}.Debug|Any CPU.Build.0 = Debug|Any CPU
		{7A7C5215-C9F9-45EC-98C1-3AB3BCDB4B51}.Release|Any CPU.ActiveCfg = Release|Any CPU
		{7A7C5215-C9F9-45EC-98C1-3AB3BCDB4B51}.Release|Any CPU.Build.0 = Release|Any CPU
	EndGlobalSection
	GlobalSection(SolutionProperties) = preSolution
		HideSolutionNode = FALSE
	EndGlobalSection
	GlobalSection(ExtensibilityGlobals) = postSolution
		SolutionGuid = {8A4DCE47-72E1-4910-8FDD-CE90679346B7}
	EndGlobalSection
EndGlobal
