
Microsoft Visual Studio Solution File, Format Version 12.00
# Visual Studio Version 17
VisualStudioVersion = 17.6.33801.468
MinimumVisualStudioVersion = 10.0.40219.1
Project("{FAE04EC0-301F-11D3-BF4B-00C04F79EFBC}") = "FuncaoParams", "FuncaoParams\FuncaoParams.csproj", "{EB579EC0-46A8-412D-966F-D653A6AA9AAE}"
EndProject
Global
	GlobalSection(SolutionConfigurationPlatforms) = preSolution
		Debug|Any CPU = Debug|Any CPU
		Release|Any CPU = Release|Any CPU
	EndGlobalSection
	GlobalSection(ProjectConfigurationPlatforms) = postSolution
		{EB579EC0-46A8-412D-966F-D653A6AA9AAE}.Debug|Any CPU.ActiveCfg = Debug|Any CPU
		{EB579EC0-46A8-412D-966F-D653A6AA9AAE}.Debug|Any CPU.Build.0 = Debug|Any CPU
		{EB579EC0-46A8-412D-966F-D653A6AA9AAE}.Release|Any CPU.ActiveCfg = Release|Any CPU
		{EB579EC0-46A8-412D-966F-D653A6AA9AAE}.Release|Any CPU.Build.0 = Release|Any CPU
	EndGlobalSection
	GlobalSection(SolutionProperties) = preSolution
		HideSolutionNode = FALSE
	EndGlobalSection
	GlobalSection(ExtensibilityGlobals) = postSolution
		SolutionGuid = {ED78BC80-F307-4B3D-BF54-ED9F6668B066}
	EndGlobalSection
EndGlobal
